// !$*UTF8*$!
{
	archiveVersion = 1;
	classes = {
	};
	objectVersion = 56;
	objects = {

/* Begin PBXBuildFile section */
		A0635A4F2DBA8DD00034EC93 /* FetchRecipeApp.swift in Sources */ = {isa = PBXBuildFile; fileRef = A0635A4E2DBA8DD00034EC93 /* FetchRecipeApp.swift */; };
		A0635A532DBA8DD00034EC93 /* Assets.xcassets in Resources */ = {isa = PBXBuildFile; fileRef = A0635A522DBA8DD00034EC93 /* Assets.xcassets */; };
		A0635A562DBA8DD00034EC93 /* Preview Assets.xcassets in Resources */ = {isa = PBXBuildFile; fileRef = A0635A552DBA8DD00034EC93 /* Preview Assets.xcassets */; };
		A0635A612DBA97EE0034EC93 /* RecipeListView.swift in Sources */ = {isa = PBXBuildFile; fileRef = A0635A602DBA97EE0034EC93 /* RecipeListView.swift */; };
		A0635A632DBA9C850034EC93 /* RecipeDetailView.swift in Sources */ = {isa = PBXBuildFile; fileRef = A0635A622DBA9C850034EC93 /* RecipeDetailView.swift */; };
		A0635A652DBA9CB30034EC93 /* RecipeRowView.swift in Sources */ = {isa = PBXBuildFile; fileRef = A0635A642DBA9CB30034EC93 /* RecipeRowView.swift */; };
		A0635A672DBA9DBE0034EC93 /* Recipe.swift in Sources */ = {isa = PBXBuildFile; fileRef = A0635A662DBA9DBE0034EC93 /* Recipe.swift */; };
		A0635A692DBA9DF20034EC93 /* RecipeService.swift in Sources */ = {isa = PBXBuildFile; fileRef = A0635A682DBA9DF20034EC93 /* RecipeService.swift */; };
		A0635A6B2DBAA22C0034EC93 /* ImageCache.swift in Sources */ = {isa = PBXBuildFile; fileRef = A0635A6A2DBAA22C0034EC93 /* ImageCache.swift */; };
		A0635A6E2DBAA27A0034EC93 /* RecipeListViewModel.swift in Sources */ = {isa = PBXBuildFile; fileRef = A0635A6D2DBAA27A0034EC93 /* RecipeListViewModel.swift */; };
		A0635A702DBAC2C20034EC93 /* RecipeImageView.swift in Sources */ = {isa = PBXBuildFile; fileRef = A0635A6F2DBAC2C20034EC93 /* RecipeImageView.swift */; };
		A0635A802DBAD8F70034EC93 /* RecipeServiceTests.swift in Sources */ = {isa = PBXBuildFile; fileRef = A0635A7F2DBAD8F70034EC93 /* RecipeServiceTests.swift */; };
		A0635A822DBADA420034EC93 /* RecipeListViewModelTests.swift in Sources */ = {isa = PBXBuildFile; fileRef = A0635A812DBADA420034EC93 /* RecipeListViewModelTests.swift */; };
		A0635A842DBADC3F0034EC93 /* ImageCacheTests.swift in Sources */ = {isa = PBXBuildFile; fileRef = A0635A832DBADC3F0034EC93 /* ImageCacheTests.swift */; };
/* End PBXBuildFile section */

/* Begin PBXContainerItemProxy section */
		A0635A7A2DBAD8D20034EC93 /* PBXContainerItemProxy */ = {
			isa = PBXContainerItemProxy;
			containerPortal = A0635A432DBA8DD00034EC93 /* Project object */;
			proxyType = 1;
			remoteGlobalIDString = A0635A4A2DBA8DD00034EC93;
			remoteInfo = FetchRecipe;
		};
/* End PBXContainerItemProxy section */

/* Begin PBXFileReference section */
		A0635A4B2DBA8DD00034EC93 /* FetchRecipe.app */ = {isa = PBXFileReference; explicitFileType = wrapper.application; includeInIndex = 0; path = FetchRecipe.app; sourceTree = BUILT_PRODUCTS_DIR; };
		A0635A4E2DBA8DD00034EC93 /* FetchRecipeApp.swift */ = {isa = PBXFileReference; lastKnownFileType = sourcecode.swift; path = FetchRecipeApp.swift; sourceTree = "<group>"; };
		A0635A522DBA8DD00034EC93 /* Assets.xcassets */ = {isa = PBXFileReference; lastKnownFileType = folder.assetcatalog; path = Assets.xcassets; sourceTree = "<group>"; };
		A0635A552DBA8DD00034EC93 /* Preview Assets.xcassets */ = {isa = PBXFileReference; lastKnownFileType = folder.assetcatalog; path = "Preview Assets.xcassets"; sourceTree = "<group>"; };
		A0635A602DBA97EE0034EC93 /* RecipeListView.swift */ = {isa = PBXFileReference; lastKnownFileType = sourcecode.swift; path = RecipeListView.swift; sourceTree = "<group>"; };
		A0635A622DBA9C850034EC93 /* RecipeDetailView.swift */ = {isa = PBXFileReference; lastKnownFileType = sourcecode.swift; path = RecipeDetailView.swift; sourceTree = "<group>"; };
		A0635A642DBA9CB30034EC93 /* RecipeRowView.swift */ = {isa = PBXFileReference; lastKnownFileType = sourcecode.swift; path = RecipeRowView.swift; sourceTree = "<group>"; };
		A0635A662DBA9DBE0034EC93 /* Recipe.swift */ = {isa = PBXFileReference; lastKnownFileType = sourcecode.swift; path = Recipe.swift; sourceTree = "<group>"; };
		A0635A682DBA9DF20034EC93 /* RecipeService.swift */ = {isa = PBXFileReference; lastKnownFileType = sourcecode.swift; path = RecipeService.swift; sourceTree = "<group>"; };
		A0635A6A2DBAA22C0034EC93 /* ImageCache.swift */ = {isa = PBXFileReference; lastKnownFileType = sourcecode.swift; path = ImageCache.swift; sourceTree = "<group>"; };
		A0635A6D2DBAA27A0034EC93 /* RecipeListViewModel.swift */ = {isa = PBXFileReference; lastKnownFileType = sourcecode.swift; path = RecipeListViewModel.swift; sourceTree = "<group>"; };
		A0635A6F2DBAC2C20034EC93 /* RecipeImageView.swift */ = {isa = PBXFileReference; lastKnownFileType = sourcecode.swift; path = RecipeImageView.swift; sourceTree = "<group>"; };
		A0635A762DBAD8D20034EC93 /* FetchRecipeTests.xctest */ = {isa = PBXFileReference; explicitFileType = wrapper.cfbundle; includeInIndex = 0; path = FetchRecipeTests.xctest; sourceTree = BUILT_PRODUCTS_DIR; };
		A0635A7F2DBAD8F70034EC93 /* RecipeServiceTests.swift */ = {isa = PBXFileReference; lastKnownFileType = sourcecode.swift; path = RecipeServiceTests.swift; sourceTree = "<group>"; };
		A0635A812DBADA420034EC93 /* RecipeListViewModelTests.swift */ = {isa = PBXFileReference; lastKnownFileType = sourcecode.swift; path = RecipeListViewModelTests.swift; sourceTree = "<group>"; };
		A0635A832DBADC3F0034EC93 /* ImageCacheTests.swift */ = {isa = PBXFileReference; lastKnownFileType = sourcecode.swift; path = ImageCacheTests.swift; sourceTree = "<group>"; };
		A0635A852DBAF1550034EC93 /* Readme.md */ = {isa = PBXFileReference; lastKnownFileType = net.daringfireball.markdown; path = Readme.md; sourceTree = "<group>"; };
/* End PBXFileReference section */

/* Begin PBXFrameworksBuildPhase section */
		A0635A482DBA8DD00034EC93 /* Frameworks */ = {
			isa = PBXFrameworksBuildPhase;
			buildActionMask = 2147483647;
			files = (
			);
			runOnlyForDeploymentPostprocessing = 0;
		};
		A0635A732DBAD8D20034EC93 /* Frameworks */ = {
			isa = PBXFrameworksBuildPhase;
			buildActionMask = 2147483647;
			files = (
			);
			runOnlyForDeploymentPostprocessing = 0;
		};
/* End PBXFrameworksBuildPhase section */

/* Begin PBXGroup section */
		A0635A422DBA8DD00034EC93 = {
			isa = PBXGroup;
			children = (
				A0635A852DBAF1550034EC93 /* Readme.md */,
				A0635A4D2DBA8DD00034EC93 /* FetchRecipe */,
				A0635A772DBAD8D20034EC93 /* FetchRecipeTests */,
				A0635A4C2DBA8DD00034EC93 /* Products */,
			);
			sourceTree = "<group>";
		};
		A0635A4C2DBA8DD00034EC93 /* Products */ = {
			isa = PBXGroup;
			children = (
				A0635A4B2DBA8DD00034EC93 /* FetchRecipe.app */,
				A0635A762DBAD8D20034EC93 /* FetchRecipeTests.xctest */,
			);
			name = Products;
			sourceTree = "<group>";
		};
		A0635A4D2DBA8DD00034EC93 /* FetchRecipe */ = {
			isa = PBXGroup;
			children = (
				A0635A4E2DBA8DD00034EC93 /* FetchRecipeApp.swift */,
				A0635A6C2DBAA2340034EC93 /* ImageCache */,
				A0635A5F2DBA97DB0034EC93 /* Service */,
				A0635A5E2DBA97D50034EC93 /* Views */,
				A0635A5D2DBA97CF0034EC93 /* ViewModels */,
				A0635A5C2DBA97C80034EC93 /* Models */,
				A0635A522DBA8DD00034EC93 /* Assets.xcassets */,
				A0635A542DBA8DD00034EC93 /* Preview Content */,
			);
			path = FetchRecipe;
			sourceTree = "<group>";
		};
		A0635A542DBA8DD00034EC93 /* Preview Content */ = {
			isa = PBXGroup;
			children = (
				A0635A552DBA8DD00034EC93 /* Preview Assets.xcassets */,
			);
			path = "Preview Content";
			sourceTree = "<group>";
		};
		A0635A5C2DBA97C80034EC93 /* Models */ = {
			isa = PBXGroup;
			children = (
				A0635A662DBA9DBE0034EC93 /* Recipe.swift */,
			);
			path = Models;
			sourceTree = "<group>";
		};
		A0635A5D2DBA97CF0034EC93 /* ViewModels */ = {
			isa = PBXGroup;
			children = (
				A0635A6D2DBAA27A0034EC93 /* RecipeListViewModel.swift */,
			);
			path = ViewModels;
			sourceTree = "<group>";
		};
		A0635A5E2DBA97D50034EC93 /* Views */ = {
			isa = PBXGroup;
			children = (
				A0635A602DBA97EE0034EC93 /* RecipeListView.swift */,
				A0635A622DBA9C850034EC93 /* RecipeDetailView.swift */,
				A0635A642DBA9CB30034EC93 /* RecipeRowView.swift */,
				A0635A6F2DBAC2C20034EC93 /* RecipeImageView.swift */,
			);
			path = Views;
			sourceTree = "<group>";
		};
		A0635A5F2DBA97DB0034EC93 /* Service */ = {
			isa = PBXGroup;
			children = (
				A0635A682DBA9DF20034EC93 /* RecipeService.swift */,
			);
			path = Service;
			sourceTree = "<group>";
		};
		A0635A6C2DBAA2340034EC93 /* ImageCache */ = {
			isa = PBXGroup;
			children = (
				A0635A6A2DBAA22C0034EC93 /* ImageCache.swift */,
			);
			path = ImageCache;
			sourceTree = "<group>";
		};
		A0635A772DBAD8D20034EC93 /* FetchRecipeTests */ = {
			isa = PBXGroup;
			children = (
				A0635A7F2DBAD8F70034EC93 /* RecipeServiceTests.swift */,
				A0635A812DBADA420034EC93 /* RecipeListViewModelTests.swift */,
				A0635A832DBADC3F0034EC93 /* ImageCacheTests.swift */,
			);
			path = FetchRecipeTests;
			sourceTree = "<group>";
		};
/* End PBXGroup section */

/* Begin PBXNativeTarget section */
		A0635A4A2DBA8DD00034EC93 /* FetchRecipe */ = {
			isa = PBXNativeTarget;
			buildConfigurationList = A0635A592DBA8DD00034EC93 /* Build configuration list for PBXNativeTarget "FetchRecipe" */;
			buildPhases = (
				A0635A472DBA8DD00034EC93 /* Sources */,
				A0635A482DBA8DD00034EC93 /* Frameworks */,
				A0635A492DBA8DD00034EC93 /* Resources */,
			);
			buildRules = (
			);
			dependencies = (
			);
			name = FetchRecipe;
			productName = FetchRecipe;
			productReference = A0635A4B2DBA8DD00034EC93 /* FetchRecipe.app */;
			productType = "com.apple.product-type.application";
		};
		A0635A752DBAD8D20034EC93 /* FetchRecipeTests */ = {
			isa = PBXNativeTarget;
			buildConfigurationList = A0635A7C2DBAD8D20034EC93 /* Build configuration list for PBXNativeTarget "FetchRecipeTests" */;
			buildPhases = (
				A0635A722DBAD8D20034EC93 /* Sources */,
				A0635A732DBAD8D20034EC93 /* Frameworks */,
				A0635A742DBAD8D20034EC93 /* Resources */,
			);
			buildRules = (
			);
			dependencies = (
				A0635A7B2DBAD8D20034EC93 /* PBXTargetDependency */,
			);
			name = FetchRecipeTests;
			productName = FetchRecipeTests;
			productReference = A0635A762DBAD8D20034EC93 /* FetchRecipeTests.xctest */;
			productType = "com.apple.product-type.bundle.unit-test";
		};
/* End PBXNativeTarget section */

/* Begin PBXProject section */
		A0635A432DBA8DD00034EC93 /* Project object */ = {
			isa = PBXProject;
			attributes = {
				BuildIndependentTargetsInParallel = 1;
				LastSwiftUpdateCheck = 1540;
				LastUpgradeCheck = 1540;
				TargetAttributes = {
					A0635A4A2DBA8DD00034EC93 = {
						CreatedOnToolsVersion = 15.4;
					};
					A0635A752DBAD8D20034EC93 = {
						CreatedOnToolsVersion = 15.4;
						TestTargetID = A0635A4A2DBA8DD00034EC93;
					};
				};
			};
			buildConfigurationList = A0635A462DBA8DD00034EC93 /* Build configuration list for PBXProject "FetchRecipe" */;
			compatibilityVersion = "Xcode 14.0";
			developmentRegion = en;
			hasScannedForEncodings = 0;
			knownRegions = (
				en,
				Base,
			);
			mainGroup = A0635A422DBA8DD00034EC93;
			productRefGroup = A0635A4C2DBA8DD00034EC93 /* Products */;
			projectDirPath = "";
			projectRoot = "";
			targets = (
				A0635A4A2DBA8DD00034EC93 /* FetchRecipe */,
				A0635A752DBAD8D20034EC93 /* FetchRecipeTests */,
			);
		};
/* End PBXProject section */

/* Begin PBXResourcesBuildPhase section */
		A0635A492DBA8DD00034EC93 /* Resources */ = {
			isa = PBXResourcesBuildPhase;
			buildActionMask = 2147483647;
			files = (
				A0635A562DBA8DD00034EC93 /* Preview Assets.xcassets in Resources */,
				A0635A532DBA8DD00034EC93 /* Assets.xcassets in Resources */,
			);
			runOnlyForDeploymentPostprocessing = 0;
		};
		A0635A742DBAD8D20034EC93 /* Resources */ = {
			isa = PBXResourcesBuildPhase;
			buildActionMask = 2147483647;
			files = (
			);
			runOnlyForDeploymentPostprocessing = 0;
		};
/* End PBXResourcesBuildPhase section */

/* Begin PBXSourcesBuildPhase section */
		A0635A472DBA8DD00034EC93 /* Sources */ = {
			isa = PBXSourcesBuildPhase;
			buildActionMask = 2147483647;
			files = (
				A0635A652DBA9CB30034EC93 /* RecipeRowView.swift in Sources */,
				A0635A612DBA97EE0034EC93 /* RecipeListView.swift in Sources */,
				A0635A6B2DBAA22C0034EC93 /* ImageCache.swift in Sources */,
				A0635A692DBA9DF20034EC93 /* RecipeService.swift in Sources */,
				A0635A6E2DBAA27A0034EC93 /* RecipeListViewModel.swift in Sources */,
				A0635A702DBAC2C20034EC93 /* RecipeImageView.swift in Sources */,
				A0635A672DBA9DBE0034EC93 /* Recipe.swift in Sources */,
				A0635A4F2DBA8DD00034EC93 /* FetchRecipeApp.swift in Sources */,
				A0635A632DBA9C850034EC93 /* RecipeDetailView.swift in Sources */,
			);
			runOnlyForDeploymentPostprocessing = 0;
		};
		A0635A722DBAD8D20034EC93 /* Sources */ = {
			isa = PBXSourcesBuildPhase;
			buildActionMask = 2147483647;
			files = (
				A0635A822DBADA420034EC93 /* RecipeListViewModelTests.swift in Sources */,
				A0635A842DBADC3F0034EC93 /* ImageCacheTests.swift in Sources */,
				A0635A802DBAD8F70034EC93 /* RecipeServiceTests.swift in Sources */,
			);
			runOnlyForDeploymentPostprocessing = 0;
		};
/* End PBXSourcesBuildPhase section */

/* Begin PBXTargetDependency section */
		A0635A7B2DBAD8D20034EC93 /* PBXTargetDependency */ = {
			isa = PBXTargetDependency;
			target = A0635A4A2DBA8DD00034EC93 /* FetchRecipe */;
			targetProxy = A0635A7A2DBAD8D20034EC93 /* PBXContainerItemProxy */;
		};
/* End PBXTargetDependency section */

/* Begin XCBuildConfiguration section */
		A0635A572DBA8DD00034EC93 /* Debug */ = {
			isa = XCBuildConfiguration;
			buildSettings = {
				ALWAYS_SEARCH_USER_PATHS = NO;
				ASSETCATALOG_COMPILER_GENERATE_SWIFT_ASSET_SYMBOL_EXTENSIONS = YES;
				CLANG_ANALYZER_NONNULL = YES;
				CLANG_ANALYZER_NUMBER_OBJECT_CONVERSION = YES_AGGRESSIVE;
				CLANG_CXX_LANGUAGE_STANDARD = "gnu++20";
				CLANG_ENABLE_MODULES = YES;
				CLANG_ENABLE_OBJC_ARC = YES;
				CLANG_ENABLE_OBJC_WEAK = YES;
				CLANG_WARN_BLOCK_CAPTURE_AUTORELEASING = YES;
				CLANG_WARN_BOOL_CONVERSION = YES;
				CLANG_WARN_COMMA = YES;
				CLANG_WARN_CONSTANT_CONVERSION = YES;
				CLANG_WARN_DEPRECATED_OBJC_IMPLEMENTATIONS = YES;
				CLANG_WARN_DIRECT_OBJC_ISA_USAGE = YES_ERROR;
				CLANG_WARN_DOCUMENTATION_COMMENTS = YES;
				CLANG_WARN_EMPTY_BODY = YES;
				CLANG_WARN_ENUM_CONVERSION = YES;
				CLANG_WARN_INFINITE_RECURSION = YES;
				CLANG_WARN_INT_CONVERSION = YES;
				CLANG_WARN_NON_LITERAL_NULL_CONVERSION = YES;
				CLANG_WARN_OBJC_IMPLICIT_RETAIN_SELF = YES;
				CLANG_WARN_OBJC_LITERAL_CONVERSION = YES;
				CLANG_WARN_OBJC_ROOT_CLASS = YES_ERROR;
				CLANG_WARN_QUOTED_INCLUDE_IN_FRAMEWORK_HEADER = YES;
				CLANG_WARN_RANGE_LOOP_ANALYSIS = YES;
				CLANG_WARN_STRICT_PROTOTYPES = YES;
				CLANG_WARN_SUSPICIOUS_MOVE = YES;
				CLANG_WARN_UNGUARDED_AVAILABILITY = YES_AGGRESSIVE;
				CLANG_WARN_UNREACHABLE_CODE = YES;
				CLANG_WARN__DUPLICATE_METHOD_MATCH = YES;
				COPY_PHASE_STRIP = NO;
				DEBUG_INFORMATION_FORMAT = dwarf;
				ENABLE_STRICT_OBJC_MSGSEND = YES;
				ENABLE_TESTABILITY = YES;
				ENABLE_USER_SCRIPT_SANDBOXING = YES;
				GCC_C_LANGUAGE_STANDARD = gnu17;
				GCC_DYNAMIC_NO_PIC = NO;
				GCC_NO_COMMON_BLOCKS = YES;
				GCC_OPTIMIZATION_LEVEL = 0;
				GCC_PREPROCESSOR_DEFINITIONS = (
					"DEBUG=1",
					"$(inherited)",
				);
				GCC_WARN_64_TO_32_BIT_CONVERSION = YES;
				GCC_WARN_ABOUT_RETURN_TYPE = YES_ERROR;
				GCC_WARN_UNDECLARED_SELECTOR = YES;
				GCC_WARN_UNINITIALIZED_AUTOS = YES_AGGRESSIVE;
				GCC_WARN_UNUSED_FUNCTION = YES;
				GCC_WARN_UNUSED_VARIABLE = YES;
				IPHONEOS_DEPLOYMENT_TARGET = 17.5;
				LOCALIZATION_PREFERS_STRING_CATALOGS = YES;
				MTL_ENABLE_DEBUG_INFO = INCLUDE_SOURCE;
				MTL_FAST_MATH = YES;
				ONLY_ACTIVE_ARCH = YES;
				SDKROOT = iphoneos;
				SWIFT_ACTIVE_COMPILATION_CONDITIONS = "DEBUG $(inherited)";
				SWIFT_OPTIMIZATION_LEVEL = "-Onone";
			};
			name = Debug;
		};
		A0635A582DBA8DD00034EC93 /* Release */ = {
			isa = XCBuildConfiguration;
			buildSettings = {
				ALWAYS_SEARCH_USER_PATHS = NO;
				ASSETCATALOG_COMPILER_GENERATE_SWIFT_ASSET_SYMBOL_EXTENSIONS = YES;
				CLANG_ANALYZER_NONNULL = YES;
				CLANG_ANALYZER_NUMBER_OBJECT_CONVERSION = YES_AGGRESSIVE;
				CLANG_CXX_LANGUAGE_STANDARD = "gnu++20";
				CLANG_ENABLE_MODULES = YES;
				CLANG_ENABLE_OBJC_ARC = YES;
				CLANG_ENABLE_OBJC_WEAK = YES;
				CLANG_WARN_BLOCK_CAPTURE_AUTORELEASING = YES;
				CLANG_WARN_BOOL_CONVERSION = YES;
				CLANG_WARN_COMMA = YES;
				CLANG_WARN_CONSTANT_CONVERSION = YES;
				CLANG_WARN_DEPRECATED_OBJC_IMPLEMENTATIONS = YES;
				CLANG_WARN_DIRECT_OBJC_ISA_USAGE = YES_ERROR;
				CLANG_WARN_DOCUMENTATION_COMMENTS = YES;
				CLANG_WARN_EMPTY_BODY = YES;
				CLANG_WARN_ENUM_CONVERSION = YES;
				CLANG_WARN_INFINITE_RECURSION = YES;
				CLANG_WARN_INT_CONVERSION = YES;
				CLANG_WARN_NON_LITERAL_NULL_CONVERSION = YES;
				CLANG_WARN_OBJC_IMPLICIT_RETAIN_SELF = YES;
				CLANG_WARN_OBJC_LITERAL_CONVERSION = YES;
				CLANG_WARN_OBJC_ROOT_CLASS = YES_ERROR;
				CLANG_WARN_QUOTED_INCLUDE_IN_FRAMEWORK_HEADER = YES;
				CLANG_WARN_RANGE_LOOP_ANALYSIS = YES;
				CLANG_WARN_STRICT_PROTOTYPES = YES;
				CLANG_WARN_SUSPICIOUS_MOVE = YES;
				CLANG_WARN_UNGUARDED_AVAILABILITY = YES_AGGRESSIVE;
				CLANG_WARN_UNREACHABLE_CODE = YES;
				CLANG_WARN__DUPLICATE_METHOD_MATCH = YES;
				COPY_PHASE_STRIP = NO;
				DEBUG_INFORMATION_FORMAT = "dwarf-with-dsym";
				ENABLE_NS_ASSERTIONS = NO;
				ENABLE_STRICT_OBJC_MSGSEND = YES;
				ENABLE_USER_SCRIPT_SANDBOXING = YES;
				GCC_C_LANGUAGE_STANDARD = gnu17;
				GCC_NO_COMMON_BLOCKS = YES;
				GCC_WARN_64_TO_32_BIT_CONVERSION = YES;
				GCC_WARN_ABOUT_RETURN_TYPE = YES_ERROR;
				GCC_WARN_UNDECLARED_SELECTOR = YES;
				GCC_WARN_UNINITIALIZED_AUTOS = YES_AGGRESSIVE;
				GCC_WARN_UNUSED_FUNCTION = YES;
				GCC_WARN_UNUSED_VARIABLE = YES;
				IPHONEOS_DEPLOYMENT_TARGET = 17.5;
				LOCALIZATION_PREFERS_STRING_CATALOGS = YES;
				MTL_ENABLE_DEBUG_INFO = NO;
				MTL_FAST_MATH = YES;
				SDKROOT = iphoneos;
				SWIFT_COMPILATION_MODE = wholemodule;
				VALIDATE_PRODUCT = YES;
			};
			name = Release;
		};
		A0635A5A2DBA8DD00034EC93 /* Debug */ = {
			isa = XCBuildConfiguration;
			buildSettings = {
				ASSETCATALOG_COMPILER_APPICON_NAME = AppIcon;
				ASSETCATALOG_COMPILER_GLOBAL_ACCENT_COLOR_NAME = AccentColor;
				CODE_SIGN_STYLE = Automatic;
				CURRENT_PROJECT_VERSION = 1;
				DEVELOPMENT_ASSET_PATHS = "\"FetchRecipe/Preview Content\"";
				DEVELOPMENT_TEAM = 6CRWDY98T9;
				ENABLE_PREVIEWS = YES;
				GENERATE_INFOPLIST_FILE = YES;
				INFOPLIST_KEY_UIApplicationSceneManifest_Generation = YES;
				INFOPLIST_KEY_UIApplicationSupportsIndirectInputEvents = YES;
				INFOPLIST_KEY_UILaunchScreen_Generation = YES;
				INFOPLIST_KEY_UISupportedInterfaceOrientations_iPad = "UIInterfaceOrientationPortrait UIInterfaceOrientationPortraitUpsideDown UIInterfaceOrientationLandscapeLeft UIInterfaceOrientationLandscapeRight";
				INFOPLIST_KEY_UISupportedInterfaceOrientations_iPhone = "UIInterfaceOrientationPortrait UIInterfaceOrientationLandscapeLeft UIInterfaceOrientationLandscapeRight";
				LD_RUNPATH_SEARCH_PATHS = (
					"$(inherited)",
					"@executable_path/Frameworks",
				);
				MARKETING_VERSION = 1.0;
				PRODUCT_BUNDLE_IDENTIFIER = LucasKnight.FetchRecipe;
				PRODUCT_NAME = "$(TARGET_NAME)";
				SWIFT_EMIT_LOC_STRINGS = YES;
				SWIFT_VERSION = 5.0;
				TARGETED_DEVICE_FAMILY = "1,2";
			};
			name = Debug;
		};
		A0635A5B2DBA8DD00034EC93 /* Release */ = {
			isa = XCBuildConfiguration;
			buildSettings = {
				ASSETCATALOG_COMPILER_APPICON_NAME = AppIcon;
				ASSETCATALOG_COMPILER_GLOBAL_ACCENT_COLOR_NAME = AccentColor;
				CODE_SIGN_STYLE = Automatic;
				CURRENT_PROJECT_VERSION = 1;
				DEVELOPMENT_ASSET_PATHS = "\"FetchRecipe/Preview Content\"";
				DEVELOPMENT_TEAM = 6CRWDY98T9;
				ENABLE_PREVIEWS = YES;
				GENERATE_INFOPLIST_FILE = YES;
				INFOPLIST_KEY_UIApplicationSceneManifest_Generation = YES;
				INFOPLIST_KEY_UIApplicationSupportsIndirectInputEvents = YES;
				INFOPLIST_KEY_UILaunchScreen_Generation = YES;
				INFOPLIST_KEY_UISupportedInterfaceOrientations_iPad = "UIInterfaceOrientationPortrait UIInterfaceOrientationPortraitUpsideDown UIInterfaceOrientationLandscapeLeft UIInterfaceOrientationLandscapeRight";
				INFOPLIST_KEY_UISupportedInterfaceOrientations_iPhone = "UIInterfaceOrientationPortrait UIInterfaceOrientationLandscapeLeft UIInterfaceOrientationLandscapeRight";
				LD_RUNPATH_SEARCH_PATHS = (
					"$(inherited)",
					"@executable_path/Frameworks",
				);
				MARKETING_VERSION = 1.0;
				PRODUCT_BUNDLE_IDENTIFIER = LucasKnight.FetchRecipe;
				PRODUCT_NAME = "$(TARGET_NAME)";
				SWIFT_EMIT_LOC_STRINGS = YES;
				SWIFT_VERSION = 5.0;
				TARGETED_DEVICE_FAMILY = "1,2";
			};
			name = Release;
		};
		A0635A7D2DBAD8D20034EC93 /* Debug */ = {
			isa = XCBuildConfiguration;
			buildSettings = {
				BUNDLE_LOADER = "$(TEST_HOST)";
				CODE_SIGN_STYLE = Automatic;
				CURRENT_PROJECT_VERSION = 1;
				DEVELOPMENT_TEAM = 6CRWDY98T9;
				GENERATE_INFOPLIST_FILE = YES;
				MARKETING_VERSION = 1.0;
				PRODUCT_BUNDLE_IDENTIFIER = LucasKnight.FetchRecipeTests;
				PRODUCT_NAME = "$(TARGET_NAME)";
				SWIFT_EMIT_LOC_STRINGS = NO;
				SWIFT_VERSION = 5.0;
				TARGETED_DEVICE_FAMILY = "1,2";
				TEST_HOST = "$(BUILT_PRODUCTS_DIR)/FetchRecipe.app/$(BUNDLE_EXECUTABLE_FOLDER_PATH)/FetchRecipe";
			};
			name = Debug;
		};
		A0635A7E2DBAD8D20034EC93 /* Release */ = {
			isa = XCBuildConfiguration;
			buildSettings = {
				BUNDLE_LOADER = "$(TEST_HOST)";
				CODE_SIGN_STYLE = Automatic;
				CURRENT_PROJECT_VERSION = 1;
				DEVELOPMENT_TEAM = 6CRWDY98T9;
				GENERATE_INFOPLIST_FILE = YES;
				MARKETING_VERSION = 1.0;
				PRODUCT_BUNDLE_IDENTIFIER = LucasKnight.FetchRecipeTests;
				PRODUCT_NAME = "$(TARGET_NAME)";
				SWIFT_EMIT_LOC_STRINGS = NO;
				SWIFT_VERSION = 5.0;
				TARGETED_DEVICE_FAMILY = "1,2";
				TEST_HOST = "$(BUILT_PRODUCTS_DIR)/FetchRecipe.app/$(BUNDLE_EXECUTABLE_FOLDER_PATH)/FetchRecipe";
			};
			name = Release;
		};
/* End XCBuildConfiguration section */

/* Begin XCConfigurationList section */
		A0635A462DBA8DD00034EC93 /* Build configuration list for PBXProject "FetchRecipe" */ = {
			isa = XCConfigurationList;
			buildConfigurations = (
				A0635A572DBA8DD00034EC93 /* Debug */,
				A0635A582DBA8DD00034EC93 /* Release */,
			);
			defaultConfigurationIsVisible = 0;
			defaultConfigurationName = Release;
		};
		A0635A592DBA8DD00034EC93 /* Build configuration list for PBXNativeTarget "FetchRecipe" */ = {
			isa = XCConfigurationList;
			buildConfigurations = (
				A0635A5A2DBA8DD00034EC93 /* Debug */,
				A0635A5B2DBA8DD00034EC93 /* Release */,
			);
			defaultConfigurationIsVisible = 0;
			defaultConfigurationName = Release;
		};
		A0635A7C2DBAD8D20034EC93 /* Build configuration list for PBXNativeTarget "FetchRecipeTests" */ = {
			isa = XCConfigurationList;
			buildConfigurations = (
				A0635A7D2DBAD8D20034EC93 /* Debug */,
				A0635A7E2DBAD8D20034EC93 /* Release */,
			);
			defaultConfigurationIsVisible = 0;
			defaultConfigurationName = Release;
		};
/* End XCConfigurationList section */
	};
	rootObject = A0635A432DBA8DD00034EC93 /* Project object */;
}
